// !$*UTF8*$!
{
	archiveVersion = 1;
	classes = {
	};
	objectVersion = 77;
	objects = {

/* Begin PBXContainerItemProxy section */
		07AE84AC2F7EDD04000BC299 /* PBXContainerItemProxy */ = {
			isa = PBXContainerItemProxy;
			containerPortal = 07AE84962F7EDD03000BC299 /* Project object */;
			proxyType = 1;
			remoteGlobalIDString = 07AE849D2F7EDD03000BC299;
			remoteInfo = EchoOfAges;
		};
		07AE84B62F7EDD04000BC299 /* PBXContainerItemProxy */ = {
			isa = PBXContainerItemProxy;
			containerPortal = 07AE84962F7EDD03000BC299 /* Project object */;
			proxyType = 1;
			remoteGlobalIDString = 07AE849D2F7EDD03000BC299;
			remoteInfo = EchoOfAges;
		};
/* End PBXContainerItemProxy section */

/* Begin PBXFileReference section */
		07AE849E2F7EDD03000BC299 /* EchoOfAges.app */ = {isa = PBXFileReference; explicitFileType = wrapper.application; includeInIndex = 0; path = EchoOfAges.app; sourceTree = BUILT_PRODUCTS_DIR; };
		07AE84AB2F7EDD04000BC299 /* EchoOfAgesTests.xctest */ = {isa = PBXFileReference; explicitFileType = wrapper.cfbundle; includeInIndex = 0; path = EchoOfAgesTests.xctest; sourceTree = BUILT_PRODUCTS_DIR; };
		07AE84B52F7EDD04000BC299 /* EchoOfAgesUITests.xctest */ = {isa = PBXFileReference; explicitFileType = wrapper.cfbundle; includeInIndex = 0; path = EchoOfAgesUITests.xctest; sourceTree = BUILT_PRODUCTS_DIR; };
/* End PBXFileReference section */

/* Begin PBXFileSystemSynchronizedRootGroup section */
		07AE84A02F7EDD03000BC299 /* EchoOfAges */ = {
			isa = PBXFileSystemSynchronizedRootGroup;
			path = EchoOfAges;
			sourceTree = "<group>";
		};
		07AE84AE2F7EDD04000BC299 /* EchoOfAgesTests */ = {
			isa = PBXFileSystemSynchronizedRootGroup;
			path = EchoOfAgesTests;
			sourceTree = "<group>";
		};
		07AE84B82F7EDD04000BC299 /* EchoOfAgesUITests */ = {
			isa = PBXFileSystemSynchronizedRootGroup;
			path = EchoOfAgesUITests;
			sourceTree = "<group>";
		};
/* End PBXFileSystemSynchronizedRootGroup section */

/* Begin PBXFrameworksBuildPhase section */
		07AE849B2F7EDD03000BC299 /* Frameworks */ = {
			isa = PBXFrameworksBuildPhase;
			buildActionMask = 2147483647;
			files = (
			);
			runOnlyForDeploymentPostprocessing = 0;
		};
		07AE84A82F7EDD04000BC299 /* Frameworks */ = {
			isa = PBXFrameworksBuildPhase;
			buildActionMask = 2147483647;
			files = (
			);
			runOnlyForDeploymentPostprocessing = 0;
		};
		07AE84B22F7EDD04000BC299 /* Frameworks */ = {
			isa = PBXFrameworksBuildPhase;
			buildActionMask = 2147483647;
			files = (
			);
			runOnlyForDeploymentPostprocessing = 0;
		};
/* End PBXFrameworksBuildPhase section */

/* Begin PBXGroup section */
		07AE84952F7EDD03000BC299 = {
			isa = PBXGroup;
			children = (
				07AE84A02F7EDD03000BC299 /* EchoOfAges */,
				07AE84AE2F7EDD04000BC299 /* EchoOfAgesTests */,
				07AE84B82F7EDD04000BC299 /* EchoOfAgesUITests */,
				07AE849F2F7EDD03000BC299 /* Products */,
			);
			sourceTree = "<group>";
		};
		07AE849F2F7EDD03000BC299 /* Products */ = {
			isa = PBXGroup;
			children = (
				07AE849E2F7EDD03000BC299 /* EchoOfAges.app */,
				07AE84AB2F7EDD04000BC299 /* EchoOfAgesTests.xctest */,
				07AE84B52F7EDD04000BC299 /* EchoOfAgesUITests.xctest */,
			);
			name = Products;
			sourceTree = "<group>";
		};
/* End PBXGroup section */

/* Begin PBXNativeTarget section */
		07AE849D2F7EDD03000BC299 /* EchoOfAges */ = {
			isa = PBXNativeTarget;
			buildConfigurationList = 07AE84BF2F7EDD04000BC299 /* Build configuration list for PBXNativeTarget "EchoOfAges" */;
			buildPhases = (
				07AE849A2F7EDD03000BC299 /* Sources */,
				07AE849B2F7EDD03000BC299 /* Frameworks */,
				07AE849C2F7EDD03000BC299 /* Resources */,
			);
			buildRules = (
			);
			dependencies = (
			);
			fileSystemSynchronizedGroups = (
				07AE84A02F7EDD03000BC299 /* EchoOfAges */,
			);
			name = EchoOfAges;
			packageProductDependencies = (
			);
			productName = EchoOfAges;
			productReference = 07AE849E2F7EDD03000BC299 /* EchoOfAges.app */;
			productType = "com.apple.product-type.application";
		};
		07AE84AA2F7EDD04000BC299 /* EchoOfAgesTests */ = {
			isa = PBXNativeTarget;
			buildConfigurationList = 07AE84C22F7EDD04000BC299 /* Build configuration list for PBXNativeTarget "EchoOfAgesTests" */;
			buildPhases = (
				07AE84A72F7EDD04000BC299 /* Sources */,
				07AE84A82F7EDD04000BC299 /* Frameworks */,
				07AE84A92F7EDD04000BC299 /* Resources */,
			);
			buildRules = (
			);
			dependencies = (
				07AE84AD2F7EDD04000BC299 /* PBXTargetDependency */,
			);
			fileSystemSynchronizedGroups = (
				07AE84AE2F7EDD04000BC299 /* EchoOfAgesTests */,
			);
			name = EchoOfAgesTests;
			packageProductDependencies = (
			);
			productName = EchoOfAgesTests;
			productReference = 07AE84AB2F7EDD04000BC299 /* EchoOfAgesTests.xctest */;
			productType = "com.apple.product-type.bundle.unit-test";
		};
		07AE84B42F7EDD04000BC299 /* EchoOfAgesUITests */ = {
			isa = PBXNativeTarget;
			buildConfigurationList = 07AE84C52F7EDD04000BC299 /* Build configuration list for PBXNativeTarget "EchoOfAgesUITests" */;
			buildPhases = (
				07AE84B12F7EDD04000BC299 /* Sources */,
				07AE84B22F7EDD04000BC299 /* Frameworks */,
				07AE84B32F7EDD04000BC299 /* Resources */,
			);
			buildRules = (
			);
			dependencies = (
				07AE84B72F7EDD04000BC299 /* PBXTargetDependency */,
			);
			fileSystemSynchronizedGroups = (
				07AE84B82F7EDD04000BC299 /* EchoOfAgesUITests */,
			);
			name = EchoOfAgesUITests;
			packageProductDependencies = (
			);
			productName = EchoOfAgesUITests;
			productReference = 07AE84B52F7EDD04000BC299 /* EchoOfAgesUITests.xctest */;
			productType = "com.apple.product-type.bundle.ui-testing";
		};
/* End PBXNativeTarget section */

/* Begin PBXProject section */
		07AE84962F7EDD03000BC299 /* Project object */ = {
			isa = PBXProject;
			attributes = {
				BuildIndependentTargetsInParallel = 1;
				LastSwiftUpdateCheck = 2640;
				LastUpgradeCheck = 2640;
				TargetAttributes = {
					07AE849D2F7EDD03000BC299 = {
						CreatedOnToolsVersion = 26.4;
					};
					07AE84AA2F7EDD04000BC299 = {
						CreatedOnToolsVersion = 26.4;
						TestTargetID = 07AE849D2F7EDD03000BC299;
					};
					07AE84B42F7EDD04000BC299 = {
						CreatedOnToolsVersion = 26.4;
						TestTargetID = 07AE849D2F7EDD03000BC299;
					};
				};
			};
			buildConfigurationList = 07AE84992F7EDD03000BC299 /* Build configuration list for PBXProject "EchoOfAges" */;
			developmentRegion = en;
			hasScannedForEncodings = 0;
			knownRegions = (
				en,
				Base,
			);
			mainGroup = 07AE84952F7EDD03000BC299;
			minimizedProjectReferenceProxies = 1;
			preferredProjectObjectVersion = 77;
			productRefGroup = 07AE849F2F7EDD03000BC299 /* Products */;
			projectDirPath = "";
			projectRoot = "";
			targets = (
				07AE849D2F7EDD03000BC299 /* EchoOfAges */,
				07AE84AA2F7EDD04000BC299 /* EchoOfAgesTests */,
				07AE84B42F7EDD04000BC299 /* EchoOfAgesUITests */,
			);
		};
/* End PBXProject section */

/* Begin PBXResourcesBuildPhase section */
		07AE849C2F7EDD03000BC299 /* Resources */ = {
			isa = PBXResourcesBuildPhase;
			buildActionMask = 2147483647;
			files = (
			);
			runOnlyForDeploymentPostprocessing = 0;
		};
		07AE84A92F7EDD04000BC299 /* Resources */ = {
			isa = PBXResourcesBuildPhase;
			buildActionMask = 2147483647;
			files = (
			);
			runOnlyForDeploymentPostprocessing = 0;
		};
		07AE84B32F7EDD04000BC299 /* Resources */ = {
			isa = PBXResourcesBuildPhase;
			buildActionMask = 2147483647;
			files = (
			);
			runOnlyForDeploymentPostprocessing = 0;
		};
/* End PBXResourcesBuildPhase section */

/* Begin PBXSourcesBuildPhase section */
		07AE849A2F7EDD03000BC299 /* Sources */ = {
			isa = PBXSourcesBuildPhase;
			buildActionMask = 2147483647;
			files = (
			);
			runOnlyForDeploymentPostprocessing = 0;
		};
		07AE84A72F7EDD04000BC299 /* Sources */ = {
			isa = PBXSourcesBuildPhase;
			buildActionMask = 2147483647;
			files = (
			);
			runOnlyForDeploymentPostprocessing = 0;
		};
		07AE84B12F7EDD04000BC299 /* Sources */ = {
			isa = PBXSourcesBuildPhase;
			buildActionMask = 2147483647;
			files = (
			);
			runOnlyForDeploymentPostprocessing = 0;
		};
/* End PBXSourcesBuildPhase section */

/* Begin PBXTargetDependency section */
		07AE84AD2F7EDD04000BC299 /* PBXTargetDependency */ = {
			isa = PBXTargetDependency;
			target = 07AE849D2F7EDD03000BC299 /* EchoOfAges */;
			targetProxy = 07AE84AC2F7EDD04000BC299 /* PBXContainerItemProxy */;
		};
		07AE84B72F7EDD04000BC299 /* PBXTargetDependency */ = {
			isa = PBXTargetDependency;
			target = 07AE849D2F7EDD03000BC299 /* EchoOfAges */;
			targetProxy = 07AE84B62F7EDD04000BC299 /* PBXContainerItemProxy */;
		};
/* End PBXTargetDependency section */

/* Begin XCBuildConfiguration section */
		07AE84BD2F7EDD04000BC299 /* Debug */ = {
			isa = XCBuildConfiguration;
			buildSettings = {
				ALWAYS_SEARCH_USER_PATHS = NO;
				ASSETCATALOG_COMPILER_GENERATE_SWIFT_ASSET_SYMBOL_EXTENSIONS = YES;
				CLANG_ANALYZER_NONNULL = YES;
				CLANG_ANALYZER_NUMBER_OBJECT_CONVERSION = YES_AGGRESSIVE;
				CLANG_CXX_LANGUAGE_STANDARD = "gnu++20";
				CLANG_ENABLE_MODULES = YES;
				CLANG_ENABLE_OBJC_ARC = YES;
				CLANG_ENABLE_OBJC_WEAK = YES;
				CLANG_WARN_BLOCK_CAPTURE_AUTORELEASING = YES;
				CLANG_WARN_BOOL_CONVERSION = YES;
				CLANG_WARN_COMMA = YES;
				CLANG_WARN_CONSTANT_CONVERSION = YES;
				CLANG_WARN_DEPRECATED_OBJC_IMPLEMENTATIONS = YES;
				CLANG_WARN_DIRECT_OBJC_ISA_USAGE = YES_ERROR;
				CLANG_WARN_DOCUMENTATION_COMMENTS = YES;
				CLANG_WARN_EMPTY_BODY = YES;
				CLANG_WARN_ENUM_CONVERSION = YES;
				CLANG_WARN_INFINITE_RECURSION = YES;
				CLANG_WARN_INT_CONVERSION = YES;
				CLANG_WARN_NON_LITERAL_NULL_CONVERSION = YES;
				CLANG_WARN_OBJC_IMPLICIT_RETAIN_SELF = YES;
				CLANG_WARN_OBJC_LITERAL_CONVERSION = YES;
				CLANG_WARN_OBJC_ROOT_CLASS = YES_ERROR;
				CLANG_WARN_QUOTED_INCLUDE_IN_FRAMEWORK_HEADER = YES;
				CLANG_WARN_RANGE_LOOP_ANALYSIS = YES;
				CLANG_WARN_STRICT_PROTOTYPES = YES;
				CLANG_WARN_SUSPICIOUS_MOVE = YES;
				CLANG_WARN_UNGUARDED_AVAILABILITY = YES_AGGRESSIVE;
				CLANG_WARN_UNREACHABLE_CODE = YES;
				CLANG_WARN__DUPLICATE_METHOD_MATCH = YES;
				COPY_PHASE_STRIP = NO;
				DEBUG_INFORMATION_FORMAT = dwarf;
				DEVELOPMENT_TEAM = P2J86YCD75;
				ENABLE_STRICT_OBJC_MSGSEND = YES;
				ENABLE_TESTABILITY = YES;
				ENABLE_USER_SCRIPT_SANDBOXING = YES;
				GCC_C_LANGUAGE_STANDARD = gnu17;
				GCC_DYNAMIC_NO_PIC = NO;
				GCC_NO_COMMON_BLOCKS = YES;
				GCC_OPTIMIZATION_LEVEL = 0;
				GCC_PREPROCESSOR_DEFINITIONS = (
					"DEBUG=1",
					"$(inherited)",
				);
				GCC_WARN_64_TO_32_BIT_CONVERSION = YES;
				GCC_WARN_ABOUT_RETURN_TYPE = YES_ERROR;
				GCC_WARN_UNDECLARED_SELECTOR = YES;
				GCC_WARN_UNINITIALIZED_AUTOS = YES_AGGRESSIVE;
				GCC_WARN_UNUSED_FUNCTION = YES;
				GCC_WARN_UNUSED_VARIABLE = YES;
				IPHONEOS_DEPLOYMENT_TARGET = 26.4;
				LOCALIZATION_PREFERS_STRING_CATALOGS = YES;
				MTL_ENABLE_DEBUG_INFO = INCLUDE_SOURCE;
				MTL_FAST_MATH = YES;
				ONLY_ACTIVE_ARCH = YES;
				SDKROOT = iphoneos;
				SWIFT_ACTIVE_COMPILATION_CONDITIONS = "DEBUG $(inherited)";
				SWIFT_OPTIMIZATION_LEVEL = "-Onone";
			};
			name = Debug;
		};
		07AE84BE2F7EDD04000BC299 /* Release */ = {
			isa = XCBuildConfiguration;
			buildSettings = {
				ALWAYS_SEARCH_USER_PATHS = NO;
				ASSETCATALOG_COMPILER_GENERATE_SWIFT_ASSET_SYMBOL_EXTENSIONS = YES;
				CLANG_ANALYZER_NONNULL = YES;
				CLANG_ANALYZER_NUMBER_OBJECT_CONVERSION = YES_AGGRESSIVE;
				CLANG_CXX_LANGUAGE_STANDARD = "gnu++20";
				CLANG_ENABLE_MODULES = YES;
				CLANG_ENABLE_OBJC_ARC = YES;
				CLANG_ENABLE_OBJC_WEAK = YES;
				CLANG_WARN_BLOCK_CAPTURE_AUTORELEASING = YES;
				CLANG_WARN_BOOL_CONVERSION = YES;
				CLANG_WARN_COMMA = YES;
				CLANG_WARN_CONSTANT_CONVERSION = YES;
				CLANG_WARN_DEPRECATED_OBJC_IMPLEMENTATIONS = YES;
				CLANG_WARN_DIRECT_OBJC_ISA_USAGE = YES_ERROR;
				CLANG_WARN_DOCUMENTATION_COMMENTS = YES;
				CLANG_WARN_EMPTY_BODY = YES;
				CLANG_WARN_ENUM_CONVERSION = YES;
				CLANG_WARN_INFINITE_RECURSION = YES;
				CLANG_WARN_INT_CONVERSION = YES;
				CLANG_WARN_NON_LITERAL_NULL_CONVERSION = YES;
				CLANG_WARN_OBJC_IMPLICIT_RETAIN_SELF = YES;
				CLANG_WARN_OBJC_LITERAL_CONVERSION = YES;
				CLANG_WARN_OBJC_ROOT_CLASS = YES_ERROR;
				CLANG_WARN_QUOTED_INCLUDE_IN_FRAMEWORK_HEADER = YES;
				CLANG_WARN_RANGE_LOOP_ANALYSIS = YES;
				CLANG_WARN_STRICT_PROTOTYPES = YES;
				CLANG_WARN_SUSPICIOUS_MOVE = YES;
				CLANG_WARN_UNGUARDED_AVAILABILITY = YES_AGGRESSIVE;
				CLANG_WARN_UNREACHABLE_CODE = YES;
				CLANG_WARN__DUPLICATE_METHOD_MATCH = YES;
				COPY_PHASE_STRIP = NO;
				DEBUG_INFORMATION_FORMAT = "dwarf-with-dsym";
				DEVELOPMENT_TEAM = P2J86YCD75;
				ENABLE_NS_ASSERTIONS = NO;
				ENABLE_STRICT_OBJC_MSGSEND = YES;
				ENABLE_USER_SCRIPT_SANDBOXING = YES;
				GCC_C_LANGUAGE_STANDARD = gnu17;
				GCC_NO_COMMON_BLOCKS = YES;
				GCC_WARN_64_TO_32_BIT_CONVERSION = YES;
				GCC_WARN_ABOUT_RETURN_TYPE = YES_ERROR;
				GCC_WARN_UNDECLARED_SELECTOR = YES;
				GCC_WARN_UNINITIALIZED_AUTOS = YES_AGGRESSIVE;
				GCC_WARN_UNUSED_FUNCTION = YES;
				GCC_WARN_UNUSED_VARIABLE = YES;
				IPHONEOS_DEPLOYMENT_TARGET = 26.4;
				LOCALIZATION_PREFERS_STRING_CATALOGS = YES;
				MTL_ENABLE_DEBUG_INFO = NO;
				MTL_FAST_MATH = YES;
				SDKROOT = iphoneos;
				SWIFT_COMPILATION_MODE = wholemodule;
				VALIDATE_PRODUCT = YES;
			};
			name = Release;
		};
		07AE84C02F7EDD04000BC299 /* Debug */ = {
			isa = XCBuildConfiguration;
			buildSettings = {
				ASSETCATALOG_COMPILER_APPICON_NAME = AppIcon;
				ASSETCATALOG_COMPILER_GLOBAL_ACCENT_COLOR_NAME = AccentColor;
				CODE_SIGN_STYLE = Automatic;
				CURRENT_PROJECT_VERSION = 79;
				DEVELOPMENT_TEAM = P2J86YCD75;
				ENABLE_PREVIEWS = YES;
				GENERATE_INFOPLIST_FILE = NO;
				INFOPLIST_FILE = Info.plist;
				IPHONEOS_DEPLOYMENT_TARGET = 17.6;
				LD_RUNPATH_SEARCH_PATHS = (
					"$(inherited)",
					"@executable_path/Frameworks",
				);
				MARKETING_VERSION = 1.0;
				PRODUCT_BUNDLE_IDENTIFIER = com.gringogolf.jechoofages;
				PRODUCT_NAME = "$(TARGET_NAME)";
				STRING_CATALOG_GENERATE_SYMBOLS = YES;
				SWIFT_APPROACHABLE_CONCURRENCY = YES;
				SWIFT_DEFAULT_ACTOR_ISOLATION = MainActor;
				SWIFT_EMIT_LOC_STRINGS = YES;
				SWIFT_UPCOMING_FEATURE_MEMBER_IMPORT_VISIBILITY = YES;
				SWIFT_VERSION = 5.0;
				TARGETED_DEVICE_FAMILY = "1,2";
			};
			name = Debug;
		};
		07AE84C12F7EDD04000BC299 /* Release */ = {
			isa = XCBuildConfiguration;
			buildSettings = {
				ASSETCATALOG_COMPILER_APPICON_NAME = AppIcon;
				ASSETCATALOG_COMPILER_GLOBAL_ACCENT_COLOR_NAME = AccentColor;
				CODE_SIGN_STYLE = Automatic;
				CURRENT_PROJECT_VERSION = 79;
				DEVELOPMENT_TEAM = P2J86YCD75;
				ENABLE_PREVIEWS = YES;
				GENERATE_INFOPLIST_FILE = NO;
				INFOPLIST_FILE = Info.plist;
				IPHONEOS_DEPLOYMENT_TARGET = 17.6;
				LD_RUNPATH_SEARCH_PATHS = (
					"$(inherited)",
					"@executable_path/Frameworks",
				);
				MARKETING_VERSION = 1.0;
				PRODUCT_BUNDLE_IDENTIFIER = com.gringogolf.jechoofages;
				PRODUCT_NAME = "$(TARGET_NAME)";
				STRING_CATALOG_GENERATE_SYMBOLS = YES;
				SWIFT_APPROACHABLE_CONCURRENCY = YES;
				SWIFT_DEFAULT_ACTOR_ISOLATION = MainActor;
				SWIFT_EMIT_LOC_STRINGS = YES;
				SWIFT_UPCOMING_FEATURE_MEMBER_IMPORT_VISIBILITY = YES;
				SWIFT_VERSION = 5.0;
				TARGETED_DEVICE_FAMILY = "1,2";
			};
			name = Release;
		};
		07AE84C32F7EDD04000BC299 /* Debug */ = {
			isa = XCBuildConfiguration;
			buildSettings = {
				BUNDLE_LOADER = "$(TEST_HOST)";
				CODE_SIGN_STYLE = Automatic;
				CURRENT_PROJECT_VERSION = 1;
				DEVELOPMENT_TEAM = P2J86YCD75;
				GENERATE_INFOPLIST_FILE = YES;
				IPHONEOS_DEPLOYMENT_TARGET = 26.4;
				MARKETING_VERSION = 1.0;
				PRODUCT_BUNDLE_IDENTIFIER = com.gringogolf.EchoOfAgesTests;
				PRODUCT_NAME = "$(TARGET_NAME)";
				STRING_CATALOG_GENERATE_SYMBOLS = NO;
				SWIFT_APPROACHABLE_CONCURRENCY = YES;
				SWIFT_EMIT_LOC_STRINGS = NO;
				SWIFT_UPCOMING_FEATURE_MEMBER_IMPORT_VISIBILITY = YES;
				SWIFT_VERSION = 5.0;
				TARGETED_DEVICE_FAMILY = "1,2";
				TEST_HOST = "$(BUILT_PRODUCTS_DIR)/EchoOfAges.app/$(BUNDLE_EXECUTABLE_FOLDER_PATH)/EchoOfAges";
			};
			name = Debug;
		};
		07AE84C42F7EDD04000BC299 /* Release */ = {
			isa = XCBuildConfiguration;
			buildSettings = {
				BUNDLE_LOADER = "$(TEST_HOST)";
				CODE_SIGN_STYLE = Automatic;
				CURRENT_PROJECT_VERSION = 1;
				DEVELOPMENT_TEAM = P2J86YCD75;
				GENERATE_INFOPLIST_FILE = YES;
				IPHONEOS_DEPLOYMENT_TARGET = 26.4;
				MARKETING_VERSION = 1.0;
				PRODUCT_BUNDLE_IDENTIFIER = com.gringogolf.EchoOfAgesTests;
				PRODUCT_NAME = "$(TARGET_NAME)";
				STRING_CATALOG_GENERATE_SYMBOLS = NO;
				SWIFT_APPROACHABLE_CONCURRENCY = YES;
				SWIFT_EMIT_LOC_STRINGS = NO;
				SWIFT_UPCOMING_FEATURE_MEMBER_IMPORT_VISIBILITY = YES;
				SWIFT_VERSION = 5.0;
				TARGETED_DEVICE_FAMILY = "1,2";
				TEST_HOST = "$(BUILT_PRODUCTS_DIR)/EchoOfAges.app/$(BUNDLE_EXECUTABLE_FOLDER_PATH)/EchoOfAges";
			};
			name = Release;
		};
		07AE84C62F7EDD04000BC299 /* Debug */ = {
			isa = XCBuildConfiguration;
			buildSettings = {
				CODE_SIGN_STYLE = Automatic;
				CURRENT_PROJECT_VERSION = 1;
				DEVELOPMENT_TEAM = P2J86YCD75;
				GENERATE_INFOPLIST_FILE = YES;
				MARKETING_VERSION = 1.0;
				PRODUCT_BUNDLE_IDENTIFIER = com.gringogolf.EchoOfAgesUITests;
				PRODUCT_NAME = "$(TARGET_NAME)";
				STRING_CATALOG_GENERATE_SYMBOLS = NO;
				SWIFT_APPROACHABLE_CONCURRENCY = YES;
				SWIFT_EMIT_LOC_STRINGS = NO;
				SWIFT_UPCOMING_FEATURE_MEMBER_IMPORT_VISIBILITY = YES;
				SWIFT_VERSION = 5.0;
				TARGETED_DEVICE_FAMILY = "1,2";
				TEST_TARGET_NAME = EchoOfAges;
			};
			name = Debug;
		};
		07AE84C72F7EDD04000BC299 /* Release */ = {
			isa = XCBuildConfiguration;
			buildSettings = {
				CODE_SIGN_STYLE = Automatic;
				CURRENT_PROJECT_VERSION = 1;
				DEVELOPMENT_TEAM = P2J86YCD75;
				GENERATE_INFOPLIST_FILE = YES;
				MARKETING_VERSION = 1.0;
				PRODUCT_BUNDLE_IDENTIFIER = com.gringogolf.EchoOfAgesUITests;
				PRODUCT_NAME = "$(TARGET_NAME)";
				STRING_CATALOG_GENERATE_SYMBOLS = NO;
				SWIFT_APPROACHABLE_CONCURRENCY = YES;
				SWIFT_EMIT_LOC_STRINGS = NO;
				SWIFT_UPCOMING_FEATURE_MEMBER_IMPORT_VISIBILITY = YES;
				SWIFT_VERSION = 5.0;
				TARGETED_DEVICE_FAMILY = "1,2";
				TEST_TARGET_NAME = EchoOfAges;
			};
			name = Release;
		};
/* End XCBuildConfiguration section */

/* Begin XCConfigurationList section */
		07AE84992F7EDD03000BC299 /* Build configuration list for PBXProject "EchoOfAges" */ = {
			isa = XCConfigurationList;
			buildConfigurations = (
				07AE84BD2F7EDD04000BC299 /* Debug */,
				07AE84BE2F7EDD04000BC299 /* Release */,
			);
			defaultConfigurationIsVisible = 0;
			defaultConfigurationName = Release;
		};
		07AE84BF2F7EDD04000BC299 /* Build configuration list for PBXNativeTarget "EchoOfAges" */ = {
			isa = XCConfigurationList;
			buildConfigurations = (
				07AE84C02F7EDD04000BC299 /* Debug */,
				07AE84C12F7EDD04000BC299 /* Release */,
			);
			defaultConfigurationIsVisible = 0;
			defaultConfigurationName = Release;
		};
		07AE84C22F7EDD04000BC299 /* Build configuration list for PBXNativeTarget "EchoOfAgesTests" */ = {
			isa = XCConfigurationList;
			buildConfigurations = (
				07AE84C32F7EDD04000BC299 /* Debug */,
				07AE84C42F7EDD04000BC299 /* Release */,
			);
			defaultConfigurationIsVisible = 0;
			defaultConfigurationName = Release;
		};
		07AE84C52F7EDD04000BC299 /* Build configuration list for PBXNativeTarget "EchoOfAgesUITests" */ = {
			isa = XCConfigurationList;
			buildConfigurations = (
				07AE84C62F7EDD04000BC299 /* Debug */,
				07AE84C72F7EDD04000BC299 /* Release */,
			);
			defaultConfigurationIsVisible = 0;
			defaultConfigurationName = Release;
		};
/* End XCConfigurationList section */
	};
	rootObject = 07AE84962F7EDD03000BC299 /* Project object */;
}
